{
  "version": 4,
  "terraform_version": "1.5.6",
  "serial": 5,
  "lineage": "44e38ecc-c2ed-cdd6-d649-0a6ee8fb1f3c",
  "outputs": {},
  "resources": [
    {
      "mode": "managed",
      "type": "local_file",
      "name": "pet",
      "provider": "provider[\"registry.terraform.io/hashicorp/local\"]",
      "instances": [
        {
          "schema_version": 0,
          "attributes": {
            "content": "The pet is Mr.burro",
            "content_base64": null,
            "content_base64sha256": "tunjknNORNxWTG5KlXtsBQbkZKxrF/CIqq29pBcUxig=",
            "content_base64sha512": "47jko54LAxd12kofhi1WOcSgawlUe3IMsWWZEabBZ/mMqVzbIJkL26mWoF85/H/+fUr8y6CvPHRktlgUg8MSsw==",
            "content_md5": "df59155cc5c4641f7b1da500e8962cc4",
            "content_sha1": "695dd6aa57f788d2d1621fa6d74c4fdbc6526cda",
            "content_sha256": "b6e9e392734e44dc564c6e4a957b6c0506e464ac6b17f088aaadbda41714c628",
            "content_sha512": "e3b8e4a39e0b031775da4a1f862d5639c4a06b09547b720cb1659911a6c167f98ca95cdb20990bdba996a05f39fc7ffe7d4afccba0af3c7464b6581483c312b3",
            "directory_permission": "0777",
            "file_permission": "0777",
            "filename": "/home/mahin/kodekloud/Terraform/Resource-Attribute-type-2/pet.txt",
            "id": "695dd6aa57f788d2d1621fa6d74c4fdbc6526cda",
            "sensitive_content": null,
            "source": null
          },
          "sensitive_attributes": [],
          "dependencies": [
            "random_pet.my-pet"
          ]
        }
      ]
    },
    {
      "mode": "managed",
      "type": "random_pet",
      "name": "my-pet",
      "provider": "provider[\"registry.terraform.io/hashicorp/random\"]",
      "instances": [
        {
          "schema_version": 0,
          "attributes": {
            "id": "Mr.burro",
            "keepers": null,
            "length": 1,
            "prefix": "Mr",
            "separator": "."
          },
          "sensitive_attributes": []
        }
      ]
    }
  ],
  "check_results": null
}
