{
  "version": 4,
  "terraform_version": "1.5.6",
  "serial": 60,
  "lineage": "9281f7dd-cfb9-f7d3-deed-ab83fee94610",
  "outputs": {},
  "resources": [
    {
      "mode": "managed",
      "type": "local_file",
      "name": "pet",
      "provider": "provider[\"registry.terraform.io/hashicorp/local\"]",
      "instances": [
        {
          "schema_version": 0,
          "attributes": {
            "content": "We hate petsss!",
            "content_base64": null,
            "content_base64sha256": "F4XbGlzDxdMjUJ5yQTJ26KvlBi5fbJc5I9Qus7DHD3g=",
            "content_base64sha512": "jKzO4autSckAlU5+e9I7SPn52VJjpvKi3b8LZ0Q4IgiWvF5raN9eKtVIg9q+Rg9yEe1HmZ7xvDC8rj9k7Uc7Ig==",
            "content_md5": "0a12cd12754528a98d8fbb061508ceeb",
            "content_sha1": "7fa5c8c5b53d73567b4b27b20b8421fe3a25383a",
            "content_sha256": "1785db1a5cc3c5d323509e72413276e8abe5062e5f6c973923d42eb3b0c70f78",
            "content_sha512": "8caccee1abad49c900954e7e7bd23b48f9f9d95263a6f2a2ddbf0b674438220896bc5e6b68df5e2ad54883dabe460f7211ed47999ef1bc30bcae3f64ed473b22",
            "directory_permission": "0777",
            "file_permission": "0700",
            "filename": "/home/mahin/kodekloud/Terraform/Beginners/pet.txt",
            "id": "7fa5c8c5b53d73567b4b27b20b8421fe3a25383a",
            "sensitive_content": null,
            "source": null
          },
          "sensitive_attributes": []
        }
      ]
    },
    {
      "mode": "managed",
      "type": "local_sensitive_file",
      "name": "pets",
      "provider": "provider[\"registry.terraform.io/hashicorp/local\"]",
      "instances": [
        {
          "schema_version": 0,
          "attributes": {
            "content": "We hate petsssssss!",
            "content_base64": null,
            "content_base64sha256": "rlUQuoIeG5xGNl8XL/oQaPeBmFvHX78mZ3NA4Qd+gVE=",
            "content_base64sha512": "Une7jCNbpcQ3EMi8YmvKXt0t5lTIdKLIYKsKQhW1xMQdJlHBwmzabga0zD/9l3XEqp8WQF+CuXmNfmBXYJJ7Fw==",
            "content_md5": "ef5438794f033260fcc751f735c136dd",
            "content_sha1": "78f845a1598e62ac7f2ef3b995d1060dc0a2437e",
            "content_sha256": "ae5510ba821e1b9c46365f172ffa1068f781985bc75fbf26677340e1077e8151",
            "content_sha512": "5277bb8c235ba5c43710c8bc626bca5edd2de654c874a2c860ab0a4215b5c4c41d2651c1c26cda6e06b4cc3ffd9775c4aa9f16405f82b9798d7e605760927b17",
            "directory_permission": "0777",
            "file_permission": "0700",
            "filename": "/home/mahin/kodekloud/Terraform/Beginners/pets.txt",
            "id": "78f845a1598e62ac7f2ef3b995d1060dc0a2437e",
            "source": null
          },
          "sensitive_attributes": []
        }
      ]
    },
    {
      "mode": "managed",
      "type": "random_pet",
      "name": "my-pet",
      "provider": "provider[\"registry.terraform.io/hashicorp/random\"]",
      "instances": [
        {
          "schema_version": 0,
          "attributes": {
            "id": "Mrs.rare.redfish",
            "keepers": null,
            "length": 2,
            "prefix": "Mrs",
            "separator": "."
          },
          "sensitive_attributes": []
        }
      ]
    },
    {
      "mode": "managed",
      "type": "random_pet",
      "name": "rand-pet2",
      "provider": "provider[\"registry.terraform.io/hashicorp/random\"]",
      "instances": [
        {
          "schema_version": 0,
          "attributes": {
            "id": "Mrs.plainly.hideously.logically.helping.dragon",
            "keepers": null,
            "length": 5,
            "prefix": "Mrs",
            "separator": "."
          },
          "sensitive_attributes": []
        }
      ]
    }
  ],
  "check_results": null
}
