{
  "version": 4,
  "terraform_version": "1.5.6",
  "serial": 3,
  "lineage": "71c2639c-8556-b921-6862-717f9091a217",
  "outputs": {},
  "resources": [
    {
      "mode": "managed",
      "type": "time_static",
      "name": "time_update",
      "provider": "provider[\"registry.terraform.io/hashicorp/time\"]",
      "instances": [
        {
          "schema_version": 0,
          "attributes": {
            "day": 2,
            "hour": 19,
            "id": "2023-09-02T19:53:06Z",
            "minute": 53,
            "month": 9,
            "rfc3339": "2023-09-02T19:53:06Z",
            "second": 6,
            "triggers": null,
            "unix": 1693684386,
            "year": 2023
          },
          "sensitive_attributes": []
        }
      ]
    }
  ],
  "check_results": null
}
